// !$*UTF8*$!
{
	archiveVersion = 1;
	classes = {
	};
	objectVersion = 56;
	objects = {

/* Begin PBXBuildFile section */
		02EACD432A7622BC006D0155 /* EmojiLoveApp.swift in Sources */ = {isa = PBXBuildFile; fileRef = 02EACD422A7622BC006D0155 /* EmojiLoveApp.swift */; };
		02EACD452A7622BC006D0155 /* ContentView.swift in Sources */ = {isa = PBXBuildFile; fileRef = 02EACD442A7622BC006D0155 /* ContentView.swift */; };
		02EACD472A7622BE006D0155 /* Assets.xcassets in Resources */ = {isa = PBXBuildFile; fileRef = 02EACD462A7622BE006D0155 /* Assets.xcassets */; };
		02EACD4A2A7622BE006D0155 /* Preview Assets.xcassets in Resources */ = {isa = PBXBuildFile; fileRef = 02EACD492A7622BE006D0155 /* Preview Assets.xcassets */; };
		02EACD542A7622BE006D0155 /* EmojiLoveTests.swift in Sources */ = {isa = PBXBuildFile; fileRef = 02EACD532A7622BE006D0155 /* EmojiLoveTests.swift */; };
		02EACD5E2A7622BE006D0155 /* EmojiLoveUITests.swift in Sources */ = {isa = PBXBuildFile; fileRef = 02EACD5D2A7622BE006D0155 /* EmojiLoveUITests.swift */; };
		02EACD602A7622BE006D0155 /* EmojiLoveUITestsLaunchTests.swift in Sources */ = {isa = PBXBuildFile; fileRef = 02EACD5F2A7622BE006D0155 /* EmojiLoveUITestsLaunchTests.swift */; };
/* End PBXBuildFile section */

/* Begin PBXContainerItemProxy section */
		02EACD502A7622BE006D0155 /* PBXContainerItemProxy */ = {
			isa = PBXContainerItemProxy;
			containerPortal = 02EACD372A7622BC006D0155 /* Project object */;
			proxyType = 1;
			remoteGlobalIDString = 02EACD3E2A7622BC006D0155;
			remoteInfo = EmojiLove;
		};
		02EACD5A2A7622BE006D0155 /* PBXContainerItemProxy */ = {
			isa = PBXContainerItemProxy;
			containerPortal = 02EACD372A7622BC006D0155 /* Project object */;
			proxyType = 1;
			remoteGlobalIDString = 02EACD3E2A7622BC006D0155;
			remoteInfo = EmojiLove;
		};
/* End PBXContainerItemProxy section */

/* Begin PBXFileReference section */
		02EACD3F2A7622BC006D0155 /* EmojiLove.app */ = {isa = PBXFileReference; explicitFileType = wrapper.application; includeInIndex = 0; path = EmojiLove.app; sourceTree = BUILT_PRODUCTS_DIR; };
		02EACD422A7622BC006D0155 /* EmojiLoveApp.swift */ = {isa = PBXFileReference; lastKnownFileType = sourcecode.swift; path = EmojiLoveApp.swift; sourceTree = "<group>"; };
		02EACD442A7622BC006D0155 /* ContentView.swift */ = {isa = PBXFileReference; lastKnownFileType = sourcecode.swift; path = ContentView.swift; sourceTree = "<group>"; };
		02EACD462A7622BE006D0155 /* Assets.xcassets */ = {isa = PBXFileReference; lastKnownFileType = folder.assetcatalog; path = Assets.xcassets; sourceTree = "<group>"; };
		02EACD492A7622BE006D0155 /* Preview Assets.xcassets */ = {isa = PBXFileReference; lastKnownFileType = folder.assetcatalog; path = "Preview Assets.xcassets"; sourceTree = "<group>"; };
		02EACD4F2A7622BE006D0155 /* EmojiLoveTests.xctest */ = {isa = PBXFileReference; explicitFileType = wrapper.cfbundle; includeInIndex = 0; path = EmojiLoveTests.xctest; sourceTree = BUILT_PRODUCTS_DIR; };
		02EACD532A7622BE006D0155 /* EmojiLoveTests.swift */ = {isa = PBXFileReference; lastKnownFileType = sourcecode.swift; path = EmojiLoveTests.swift; sourceTree = "<group>"; };
		02EACD592A7622BE006D0155 /* EmojiLoveUITests.xctest */ = {isa = PBXFileReference; explicitFileType = wrapper.cfbundle; includeInIndex = 0; path = EmojiLoveUITests.xctest; sourceTree = BUILT_PRODUCTS_DIR; };
		02EACD5D2A7622BE006D0155 /* EmojiLoveUITests.swift */ = {isa = PBXFileReference; lastKnownFileType = sourcecode.swift; path = EmojiLoveUITests.swift; sourceTree = "<group>"; };
		02EACD5F2A7622BE006D0155 /* EmojiLoveUITestsLaunchTests.swift */ = {isa = PBXFileReference; lastKnownFileType = sourcecode.swift; path = EmojiLoveUITestsLaunchTests.swift; sourceTree = "<group>"; };
/* End PBXFileReference section */

/* Begin PBXFrameworksBuildPhase section */
		02EACD3C2A7622BC006D0155 /* Frameworks */ = {
			isa = PBXFrameworksBuildPhase;
			buildActionMask = 2147483647;
			files = (
			);
			runOnlyForDeploymentPostprocessing = 0;
		};
		02EACD4C2A7622BE006D0155 /* Frameworks */ = {
			isa = PBXFrameworksBuildPhase;
			buildActionMask = 2147483647;
			files = (
			);
			runOnlyForDeploymentPostprocessing = 0;
		};
		02EACD562A7622BE006D0155 /* Frameworks */ = {
			isa = PBXFrameworksBuildPhase;
			buildActionMask = 2147483647;
			files = (
			);
			runOnlyForDeploymentPostprocessing = 0;
		};
/* End PBXFrameworksBuildPhase section */

/* Begin PBXGroup section */
		02EACD362A7622BC006D0155 = {
			isa = PBXGroup;
			children = (
				02EACD412A7622BC006D0155 /* EmojiLove */,
				02EACD522A7622BE006D0155 /* EmojiLoveTests */,
				02EACD5C2A7622BE006D0155 /* EmojiLoveUITests */,
				02EACD402A7622BC006D0155 /* Products */,
			);
			sourceTree = "<group>";
		};
		02EACD402A7622BC006D0155 /* Products */ = {
			isa = PBXGroup;
			children = (
				02EACD3F2A7622BC006D0155 /* EmojiLove.app */,
				02EACD4F2A7622BE006D0155 /* EmojiLoveTests.xctest */,
				02EACD592A7622BE006D0155 /* EmojiLoveUITests.xctest */,
			);
			name = Products;
			sourceTree = "<group>";
		};
		02EACD412A7622BC006D0155 /* EmojiLove */ = {
			isa = PBXGroup;
			children = (
				02EACD422A7622BC006D0155 /* EmojiLoveApp.swift */,
				02EACD442A7622BC006D0155 /* ContentView.swift */,
				02EACD462A7622BE006D0155 /* Assets.xcassets */,
				02EACD482A7622BE006D0155 /* Preview Content */,
			);
			path = EmojiLove;
			sourceTree = "<group>";
		};
		02EACD482A7622BE006D0155 /* Preview Content */ = {
			isa = PBXGroup;
			children = (
				02EACD492A7622BE006D0155 /* Preview Assets.xcassets */,
			);
			path = "Preview Content";
			sourceTree = "<group>";
		};
		02EACD522A7622BE006D0155 /* EmojiLoveTests */ = {
			isa = PBXGroup;
			children = (
				02EACD532A7622BE006D0155 /* EmojiLoveTests.swift */,
			);
			path = EmojiLoveTests;
			sourceTree = "<group>";
		};
		02EACD5C2A7622BE006D0155 /* EmojiLoveUITests */ = {
			isa = PBXGroup;
			children = (
				02EACD5D2A7622BE006D0155 /* EmojiLoveUITests.swift */,
				02EACD5F2A7622BE006D0155 /* EmojiLoveUITestsLaunchTests.swift */,
			);
			path = EmojiLoveUITests;
			sourceTree = "<group>";
		};
/* End PBXGroup section */

/* Begin PBXNativeTarget section */
		02EACD3E2A7622BC006D0155 /* EmojiLove */ = {
			isa = PBXNativeTarget;
			buildConfigurationList = 02EACD632A7622BE006D0155 /* Build configuration list for PBXNativeTarget "EmojiLove" */;
			buildPhases = (
				02EACD3B2A7622BC006D0155 /* Sources */,
				02EACD3C2A7622BC006D0155 /* Frameworks */,
				02EACD3D2A7622BC006D0155 /* Resources */,
			);
			buildRules = (
			);
			dependencies = (
			);
			name = EmojiLove;
			productName = EmojiLove;
			productReference = 02EACD3F2A7622BC006D0155 /* EmojiLove.app */;
			productType = "com.apple.product-type.application";
		};
		02EACD4E2A7622BE006D0155 /* EmojiLoveTests */ = {
			isa = PBXNativeTarget;
			buildConfigurationList = 02EACD662A7622BE006D0155 /* Build configuration list for PBXNativeTarget "EmojiLoveTests" */;
			buildPhases = (
				02EACD4B2A7622BE006D0155 /* Sources */,
				02EACD4C2A7622BE006D0155 /* Frameworks */,
				02EACD4D2A7622BE006D0155 /* Resources */,
			);
			buildRules = (
			);
			dependencies = (
				02EACD512A7622BE006D0155 /* PBXTargetDependency */,
			);
			name = EmojiLoveTests;
			productName = EmojiLoveTests;
			productReference = 02EACD4F2A7622BE006D0155 /* EmojiLoveTests.xctest */;
			productType = "com.apple.product-type.bundle.unit-test";
		};
		02EACD582A7622BE006D0155 /* EmojiLoveUITests */ = {
			isa = PBXNativeTarget;
			buildConfigurationList = 02EACD692A7622BE006D0155 /* Build configuration list for PBXNativeTarget "EmojiLoveUITests" */;
			buildPhases = (
				02EACD552A7622BE006D0155 /* Sources */,
				02EACD562A7622BE006D0155 /* Frameworks */,
				02EACD572A7622BE006D0155 /* Resources */,
			);
			buildRules = (
			);
			dependencies = (
				02EACD5B2A7622BE006D0155 /* PBXTargetDependency */,
			);
			name = EmojiLoveUITests;
			productName = EmojiLoveUITests;
			productReference = 02EACD592A7622BE006D0155 /* EmojiLoveUITests.xctest */;
			productType = "com.apple.product-type.bundle.ui-testing";
		};
/* End PBXNativeTarget section */

/* Begin PBXProject section */
		02EACD372A7622BC006D0155 /* Project object */ = {
			isa = PBXProject;
			attributes = {
				BuildIndependentTargetsInParallel = 1;
				LastSwiftUpdateCheck = 1430;
				LastUpgradeCheck = 1430;
				TargetAttributes = {
					02EACD3E2A7622BC006D0155 = {
						CreatedOnToolsVersion = 14.3.1;
					};
					02EACD4E2A7622BE006D0155 = {
						CreatedOnToolsVersion = 14.3.1;
						TestTargetID = 02EACD3E2A7622BC006D0155;
					};
					02EACD582A7622BE006D0155 = {
						CreatedOnToolsVersion = 14.3.1;
						TestTargetID = 02EACD3E2A7622BC006D0155;
					};
				};
			};
			buildConfigurationList = 02EACD3A2A7622BC006D0155 /* Build configuration list for PBXProject "EmojiLove" */;
			compatibilityVersion = "Xcode 14.0";
			developmentRegion = en;
			hasScannedForEncodings = 0;
			knownRegions = (
				en,
				Base,
			);
			mainGroup = 02EACD362A7622BC006D0155;
			productRefGroup = 02EACD402A7622BC006D0155 /* Products */;
			projectDirPath = "";
			projectRoot = "";
			targets = (
				02EACD3E2A7622BC006D0155 /* EmojiLove */,
				02EACD4E2A7622BE006D0155 /* EmojiLoveTests */,
				02EACD582A7622BE006D0155 /* EmojiLoveUITests */,
			);
		};
/* End PBXProject section */

/* Begin PBXResourcesBuildPhase section */
		02EACD3D2A7622BC006D0155 /* Resources */ = {
			isa = PBXResourcesBuildPhase;
			buildActionMask = 2147483647;
			files = (
				02EACD4A2A7622BE006D0155 /* Preview Assets.xcassets in Resources */,
				02EACD472A7622BE006D0155 /* Assets.xcassets in Resources */,
			);
			runOnlyForDeploymentPostprocessing = 0;
		};
		02EACD4D2A7622BE006D0155 /* Resources */ = {
			isa = PBXResourcesBuildPhase;
			buildActionMask = 2147483647;
			files = (
			);
			runOnlyForDeploymentPostprocessing = 0;
		};
		02EACD572A7622BE006D0155 /* Resources */ = {
			isa = PBXResourcesBuildPhase;
			buildActionMask = 2147483647;
			files = (
			);
			runOnlyForDeploymentPostprocessing = 0;
		};
/* End PBXResourcesBuildPhase section */

/* Begin PBXSourcesBuildPhase section */
		02EACD3B2A7622BC006D0155 /* Sources */ = {
			isa = PBXSourcesBuildPhase;
			buildActionMask = 2147483647;
			files = (
				02EACD452A7622BC006D0155 /* ContentView.swift in Sources */,
				02EACD432A7622BC006D0155 /* EmojiLoveApp.swift in Sources */,
			);
			runOnlyForDeploymentPostprocessing = 0;
		};
		02EACD4B2A7622BE006D0155 /* Sources */ = {
			isa = PBXSourcesBuildPhase;
			buildActionMask = 2147483647;
			files = (
				02EACD542A7622BE006D0155 /* EmojiLoveTests.swift in Sources */,
			);
			runOnlyForDeploymentPostprocessing = 0;
		};
		02EACD552A7622BE006D0155 /* Sources */ = {
			isa = PBXSourcesBuildPhase;
			buildActionMask = 2147483647;
			files = (
				02EACD5E2A7622BE006D0155 /* EmojiLoveUITests.swift in Sources */,
				02EACD602A7622BE006D0155 /* EmojiLoveUITestsLaunchTests.swift in Sources */,
			);
			runOnlyForDeploymentPostprocessing = 0;
		};
/* End PBXSourcesBuildPhase section */

/* Begin PBXTargetDependency section */
		02EACD512A7622BE006D0155 /* PBXTargetDependency */ = {
			isa = PBXTargetDependency;
			target = 02EACD3E2A7622BC006D0155 /* EmojiLove */;
			targetProxy = 02EACD502A7622BE006D0155 /* PBXContainerItemProxy */;
		};
		02EACD5B2A7622BE006D0155 /* PBXTargetDependency */ = {
			isa = PBXTargetDependency;
			target = 02EACD3E2A7622BC006D0155 /* EmojiLove */;
			targetProxy = 02EACD5A2A7622BE006D0155 /* PBXContainerItemProxy */;
		};
/* End PBXTargetDependency section */

/* Begin XCBuildConfiguration section */
		02EACD612A7622BE006D0155 /* Debug */ = {
			isa = XCBuildConfiguration;
			buildSettings = {
				ALWAYS_SEARCH_USER_PATHS = NO;
				CLANG_ANALYZER_NONNULL = YES;
				CLANG_ANALYZER_NUMBER_OBJECT_CONVERSION = YES_AGGRESSIVE;
				CLANG_CXX_LANGUAGE_STANDARD = "gnu++20";
				CLANG_ENABLE_MODULES = YES;
				CLANG_ENABLE_OBJC_ARC = YES;
				CLANG_ENABLE_OBJC_WEAK = YES;
				CLANG_WARN_BLOCK_CAPTURE_AUTORELEASING = YES;
				CLANG_WARN_BOOL_CONVERSION = YES;
				CLANG_WARN_COMMA = YES;
				CLANG_WARN_CONSTANT_CONVERSION = YES;
				CLANG_WARN_DEPRECATED_OBJC_IMPLEMENTATIONS = YES;
				CLANG_WARN_DIRECT_OBJC_ISA_USAGE = YES_ERROR;
				CLANG_WARN_DOCUMENTATION_COMMENTS = YES;
				CLANG_WARN_EMPTY_BODY = YES;
				CLANG_WARN_ENUM_CONVERSION = YES;
				CLANG_WARN_INFINITE_RECURSION = YES;
				CLANG_WARN_INT_CONVERSION = YES;
				CLANG_WARN_NON_LITERAL_NULL_CONVERSION = YES;
				CLANG_WARN_OBJC_IMPLICIT_RETAIN_SELF = YES;
				CLANG_WARN_OBJC_LITERAL_CONVERSION = YES;
				CLANG_WARN_OBJC_ROOT_CLASS = YES_ERROR;
				CLANG_WARN_QUOTED_INCLUDE_IN_FRAMEWORK_HEADER = YES;
				CLANG_WARN_RANGE_LOOP_ANALYSIS = YES;
				CLANG_WARN_STRICT_PROTOTYPES = YES;
				CLANG_WARN_SUSPICIOUS_MOVE = YES;
				CLANG_WARN_UNGUARDED_AVAILABILITY = YES_AGGRESSIVE;
				CLANG_WARN_UNREACHABLE_CODE = YES;
				CLANG_WARN__DUPLICATE_METHOD_MATCH = YES;
				COPY_PHASE_STRIP = NO;
				DEBUG_INFORMATION_FORMAT = dwarf;
				ENABLE_STRICT_OBJC_MSGSEND = YES;
				ENABLE_TESTABILITY = YES;
				GCC_C_LANGUAGE_STANDARD = gnu11;
				GCC_DYNAMIC_NO_PIC = NO;
				GCC_NO_COMMON_BLOCKS = YES;
				GCC_OPTIMIZATION_LEVEL = 0;
				GCC_PREPROCESSOR_DEFINITIONS = (
					"DEBUG=1",
					"$(inherited)",
				);
				GCC_WARN_64_TO_32_BIT_CONVERSION = YES;
				GCC_WARN_ABOUT_RETURN_TYPE = YES_ERROR;
				GCC_WARN_UNDECLARED_SELECTOR = YES;
				GCC_WARN_UNINITIALIZED_AUTOS = YES_AGGRESSIVE;
				GCC_WARN_UNUSED_FUNCTION = YES;
				GCC_WARN_UNUSED_VARIABLE = YES;
				IPHONEOS_DEPLOYMENT_TARGET = 16.4;
				MTL_ENABLE_DEBUG_INFO = INCLUDE_SOURCE;
				MTL_FAST_MATH = YES;
				ONLY_ACTIVE_ARCH = YES;
				SDKROOT = iphoneos;
				SWIFT_ACTIVE_COMPILATION_CONDITIONS = DEBUG;
				SWIFT_OPTIMIZATION_LEVEL = "-Onone";
			};
			name = Debug;
		};
		02EACD622A7622BE006D0155 /* Release */ = {
			isa = XCBuildConfiguration;
			buildSettings = {
				ALWAYS_SEARCH_USER_PATHS = NO;
				CLANG_ANALYZER_NONNULL = YES;
				CLANG_ANALYZER_NUMBER_OBJECT_CONVERSION = YES_AGGRESSIVE;
				CLANG_CXX_LANGUAGE_STANDARD = "gnu++20";
				CLANG_ENABLE_MODULES = YES;
				CLANG_ENABLE_OBJC_ARC = YES;
				CLANG_ENABLE_OBJC_WEAK = YES;
				CLANG_WARN_BLOCK_CAPTURE_AUTORELEASING = YES;
				CLANG_WARN_BOOL_CONVERSION = YES;
				CLANG_WARN_COMMA = YES;
				CLANG_WARN_CONSTANT_CONVERSION = YES;
				CLANG_WARN_DEPRECATED_OBJC_IMPLEMENTATIONS = YES;
				CLANG_WARN_DIRECT_OBJC_ISA_USAGE = YES_ERROR;
				CLANG_WARN_DOCUMENTATION_COMMENTS = YES;
				CLANG_WARN_EMPTY_BODY = YES;
				CLANG_WARN_ENUM_CONVERSION = YES;
				CLANG_WARN_INFINITE_RECURSION = YES;
				CLANG_WARN_INT_CONVERSION = YES;
				CLANG_WARN_NON_LITERAL_NULL_CONVERSION = YES;
				CLANG_WARN_OBJC_IMPLICIT_RETAIN_SELF = YES;
				CLANG_WARN_OBJC_LITERAL_CONVERSION = YES;
				CLANG_WARN_OBJC_ROOT_CLASS = YES_ERROR;
				CLANG_WARN_QUOTED_INCLUDE_IN_FRAMEWORK_HEADER = YES;
				CLANG_WARN_RANGE_LOOP_ANALYSIS = YES;
				CLANG_WARN_STRICT_PROTOTYPES = YES;
				CLANG_WARN_SUSPICIOUS_MOVE = YES;
				CLANG_WARN_UNGUARDED_AVAILABILITY = YES_AGGRESSIVE;
				CLANG_WARN_UNREACHABLE_CODE = YES;
				CLANG_WARN__DUPLICATE_METHOD_MATCH = YES;
				COPY_PHASE_STRIP = NO;
				DEBUG_INFORMATION_FORMAT = "dwarf-with-dsym";
				ENABLE_NS_ASSERTIONS = NO;
				ENABLE_STRICT_OBJC_MSGSEND = YES;
				GCC_C_LANGUAGE_STANDARD = gnu11;
				GCC_NO_COMMON_BLOCKS = YES;
				GCC_WARN_64_TO_32_BIT_CONVERSION = YES;
				GCC_WARN_ABOUT_RETURN_TYPE = YES_ERROR;
				GCC_WARN_UNDECLARED_SELECTOR = YES;
				GCC_WARN_UNINITIALIZED_AUTOS = YES_AGGRESSIVE;
				GCC_WARN_UNUSED_FUNCTION = YES;
				GCC_WARN_UNUSED_VARIABLE = YES;
				IPHONEOS_DEPLOYMENT_TARGET = 16.4;
				MTL_ENABLE_DEBUG_INFO = NO;
				MTL_FAST_MATH = YES;
				SDKROOT = iphoneos;
				SWIFT_COMPILATION_MODE = wholemodule;
				SWIFT_OPTIMIZATION_LEVEL = "-O";
				VALIDATE_PRODUCT = YES;
			};
			name = Release;
		};
		02EACD642A7622BE006D0155 /* Debug */ = {
			isa = XCBuildConfiguration;
			buildSettings = {
				ASSETCATALOG_COMPILER_APPICON_NAME = AppIcon;
				ASSETCATALOG_COMPILER_GLOBAL_ACCENT_COLOR_NAME = AccentColor;
				CODE_SIGN_STYLE = Automatic;
				CURRENT_PROJECT_VERSION = 1;
				DEVELOPMENT_ASSET_PATHS = "\"EmojiLove/Preview Content\"";
				DEVELOPMENT_TEAM = 69VV395VCL;
				ENABLE_PREVIEWS = YES;
				GENERATE_INFOPLIST_FILE = YES;
				INFOPLIST_KEY_UIApplicationSceneManifest_Generation = YES;
				INFOPLIST_KEY_UIApplicationSupportsIndirectInputEvents = YES;
				INFOPLIST_KEY_UILaunchScreen_Generation = YES;
				INFOPLIST_KEY_UISupportedInterfaceOrientations_iPad = "UIInterfaceOrientationPortrait UIInterfaceOrientationPortraitUpsideDown UIInterfaceOrientationLandscapeLeft UIInterfaceOrientationLandscapeRight";
				INFOPLIST_KEY_UISupportedInterfaceOrientations_iPhone = "UIInterfaceOrientationPortrait UIInterfaceOrientationLandscapeLeft UIInterfaceOrientationLandscapeRight";
				LD_RUNPATH_SEARCH_PATHS = (
					"$(inherited)",
					"@executable_path/Frameworks",
				);
				MARKETING_VERSION = 1.0;
				PRODUCT_BUNDLE_IDENTIFIER = ios.EmojiLove;
				PRODUCT_NAME = "$(TARGET_NAME)";
				SWIFT_EMIT_LOC_STRINGS = YES;
				SWIFT_VERSION = 5.0;
				TARGETED_DEVICE_FAMILY = "1,2";
			};
			name = Debug;
		};
		02EACD652A7622BE006D0155 /* Release */ = {
			isa = XCBuildConfiguration;
			buildSettings = {
				ASSETCATALOG_COMPILER_APPICON_NAME = AppIcon;
				ASSETCATALOG_COMPILER_GLOBAL_ACCENT_COLOR_NAME = AccentColor;
				CODE_SIGN_STYLE = Automatic;
				CURRENT_PROJECT_VERSION = 1;
				DEVELOPMENT_ASSET_PATHS = "\"EmojiLove/Preview Content\"";
				DEVELOPMENT_TEAM = 69VV395VCL;
				ENABLE_PREVIEWS = YES;
				GENERATE_INFOPLIST_FILE = YES;
				INFOPLIST_KEY_UIApplicationSceneManifest_Generation = YES;
				INFOPLIST_KEY_UIApplicationSupportsIndirectInputEvents = YES;
				INFOPLIST_KEY_UILaunchScreen_Generation = YES;
				INFOPLIST_KEY_UISupportedInterfaceOrientations_iPad = "UIInterfaceOrientationPortrait UIInterfaceOrientationPortraitUpsideDown UIInterfaceOrientationLandscapeLeft UIInterfaceOrientationLandscapeRight";
				INFOPLIST_KEY_UISupportedInterfaceOrientations_iPhone = "UIInterfaceOrientationPortrait UIInterfaceOrientationLandscapeLeft UIInterfaceOrientationLandscapeRight";
				LD_RUNPATH_SEARCH_PATHS = (
					"$(inherited)",
					"@executable_path/Frameworks",
				);
				MARKETING_VERSION = 1.0;
				PRODUCT_BUNDLE_IDENTIFIER = ios.EmojiLove;
				PRODUCT_NAME = "$(TARGET_NAME)";
				SWIFT_EMIT_LOC_STRINGS = YES;
				SWIFT_VERSION = 5.0;
				TARGETED_DEVICE_FAMILY = "1,2";
			};
			name = Release;
		};
		02EACD672A7622BE006D0155 /* Debug */ = {
			isa = XCBuildConfiguration;
			buildSettings = {
				ALWAYS_EMBED_SWIFT_STANDARD_LIBRARIES = YES;
				BUNDLE_LOADER = "$(TEST_HOST)";
				CODE_SIGN_STYLE = Automatic;
				CURRENT_PROJECT_VERSION = 1;
				DEVELOPMENT_TEAM = 69VV395VCL;
				GENERATE_INFOPLIST_FILE = YES;
				IPHONEOS_DEPLOYMENT_TARGET = 16.4;
				MARKETING_VERSION = 1.0;
				PRODUCT_BUNDLE_IDENTIFIER = ios.EmojiLoveTests;
				PRODUCT_NAME = "$(TARGET_NAME)";
				SWIFT_EMIT_LOC_STRINGS = NO;
				SWIFT_VERSION = 5.0;
				TARGETED_DEVICE_FAMILY = "1,2";
				TEST_HOST = "$(BUILT_PRODUCTS_DIR)/EmojiLove.app/$(BUNDLE_EXECUTABLE_FOLDER_PATH)/EmojiLove";
			};
			name = Debug;
		};
		02EACD682A7622BE006D0155 /* Release */ = {
			isa = XCBuildConfiguration;
			buildSettings = {
				ALWAYS_EMBED_SWIFT_STANDARD_LIBRARIES = YES;
				BUNDLE_LOADER = "$(TEST_HOST)";
				CODE_SIGN_STYLE = Automatic;
				CURRENT_PROJECT_VERSION = 1;
				DEVELOPMENT_TEAM = 69VV395VCL;
				GENERATE_INFOPLIST_FILE = YES;
				IPHONEOS_DEPLOYMENT_TARGET = 16.4;
				MARKETING_VERSION = 1.0;
				PRODUCT_BUNDLE_IDENTIFIER = ios.EmojiLoveTests;
				PRODUCT_NAME = "$(TARGET_NAME)";
				SWIFT_EMIT_LOC_STRINGS = NO;
				SWIFT_VERSION = 5.0;
				TARGETED_DEVICE_FAMILY = "1,2";
				TEST_HOST = "$(BUILT_PRODUCTS_DIR)/EmojiLove.app/$(BUNDLE_EXECUTABLE_FOLDER_PATH)/EmojiLove";
			};
			name = Release;
		};
		02EACD6A2A7622BE006D0155 /* Debug */ = {
			isa = XCBuildConfiguration;
			buildSettings = {
				ALWAYS_EMBED_SWIFT_STANDARD_LIBRARIES = YES;
				CODE_SIGN_STYLE = Automatic;
				CURRENT_PROJECT_VERSION = 1;
				DEVELOPMENT_TEAM = 69VV395VCL;
				GENERATE_INFOPLIST_FILE = YES;
				MARKETING_VERSION = 1.0;
				PRODUCT_BUNDLE_IDENTIFIER = ios.EmojiLoveUITests;
				PRODUCT_NAME = "$(TARGET_NAME)";
				SWIFT_EMIT_LOC_STRINGS = NO;
				SWIFT_VERSION = 5.0;
				TARGETED_DEVICE_FAMILY = "1,2";
				TEST_TARGET_NAME = EmojiLove;
			};
			name = Debug;
		};
		02EACD6B2A7622BE006D0155 /* Release */ = {
			isa = XCBuildConfiguration;
			buildSettings = {
				ALWAYS_EMBED_SWIFT_STANDARD_LIBRARIES = YES;
				CODE_SIGN_STYLE = Automatic;
				CURRENT_PROJECT_VERSION = 1;
				DEVELOPMENT_TEAM = 69VV395VCL;
				GENERATE_INFOPLIST_FILE = YES;
				MARKETING_VERSION = 1.0;
				PRODUCT_BUNDLE_IDENTIFIER = ios.EmojiLoveUITests;
				PRODUCT_NAME = "$(TARGET_NAME)";
				SWIFT_EMIT_LOC_STRINGS = NO;
				SWIFT_VERSION = 5.0;
				TARGETED_DEVICE_FAMILY = "1,2";
				TEST_TARGET_NAME = EmojiLove;
			};
			name = Release;
		};
/* End XCBuildConfiguration section */

/* Begin XCConfigurationList section */
		02EACD3A2A7622BC006D0155 /* Build configuration list for PBXProject "EmojiLove" */ = {
			isa = XCConfigurationList;
			buildConfigurations = (
				02EACD612A7622BE006D0155 /* Debug */,
				02EACD622A7622BE006D0155 /* Release */,
			);
			defaultConfigurationIsVisible = 0;
			defaultConfigurationName = Release;
		};
		02EACD632A7622BE006D0155 /* Build configuration list for PBXNativeTarget "EmojiLove" */ = {
			isa = XCConfigurationList;
			buildConfigurations = (
				02EACD642A7622BE006D0155 /* Debug */,
				02EACD652A7622BE006D0155 /* Release */,
			);
			defaultConfigurationIsVisible = 0;
			defaultConfigurationName = Release;
		};
		02EACD662A7622BE006D0155 /* Build configuration list for PBXNativeTarget "EmojiLoveTests" */ = {
			isa = XCConfigurationList;
			buildConfigurations = (
				02EACD672A7622BE006D0155 /* Debug */,
				02EACD682A7622BE006D0155 /* Release */,
			);
			defaultConfigurationIsVisible = 0;
			defaultConfigurationName = Release;
		};
		02EACD692A7622BE006D0155 /* Build configuration list for PBXNativeTarget "EmojiLoveUITests" */ = {
			isa = XCConfigurationList;
			buildConfigurations = (
				02EACD6A2A7622BE006D0155 /* Debug */,
				02EACD6B2A7622BE006D0155 /* Release */,
			);
			defaultConfigurationIsVisible = 0;
			defaultConfigurationName = Release;
		};
/* End XCConfigurationList section */
	};
	rootObject = 02EACD372A7622BC006D0155 /* Project object */;
}
